
Microsoft Visual Studio Solution File, Format Version 12.00
# Visual Studio Version 16
VisualStudioVersion = 16.0.30114.105
MinimumVisualStudioVersion = 10.0.40219.1
Project("{FAE04EC0-301F-11D3-BF4B-00C04F79EFBC}") = "MidTermProject", "MidTermProject\MidTermProject.csproj", "{B496D174-27D7-49C1-9CC7-05B8E30EA044}"
EndProject
Global
	GlobalSection(SolutionConfigurationPlatforms) = preSolution
		Debug|Any CPU = Debug|Any CPU
		Release|Any CPU = Release|Any CPU
	EndGlobalSection
	GlobalSection(ProjectConfigurationPlatforms) = postSolution
		{B496D174-27D7-49C1-9CC7-05B8E30EA044}.Debug|Any CPU.ActiveCfg = Debug|Any CPU
		{B496D174-27D7-49C1-9CC7-05B8E30EA044}.Debug|Any CPU.Build.0 = Debug|Any CPU
		{B496D174-27D7-49C1-9CC7-05B8E30EA044}.Release|Any CPU.ActiveCfg = Release|Any CPU
		{B496D174-27D7-49C1-9CC7-05B8E30EA044}.Release|Any CPU.Build.0 = Release|Any CPU
	EndGlobalSection
	GlobalSection(SolutionProperties) = preSolution
		HideSolutionNode = FALSE
	EndGlobalSection
	GlobalSection(ExtensibilityGlobals) = postSolution
		SolutionGuid = {C577BBA7-E7C9-40A3-827C-78CA3723AAB2}
	EndGlobalSection
EndGlobal
